// !$*UTF8*$!
{
	archiveVersion = 1;
	classes = {
	};
	objectVersion = 46;
	objects = {

/* Begin PBXBuildFile section */
		31B3B95B1DBDDA7D009082B6 /* AppDelegate.swift in Sources */ = {isa = PBXBuildFile; fileRef = 31B3B95A1DBDDA7D009082B6 /* AppDelegate.swift */; };
		31B3B95D1DBDDA7D009082B6 /* MainViewController.swift in Sources */ = {isa = PBXBuildFile; fileRef = 31B3B95C1DBDDA7D009082B6 /* MainViewController.swift */; };
		31B3B9601DBDDA7D009082B6 /* Main.storyboard in Resources */ = {isa = PBXBuildFile; fileRef = 31B3B95E1DBDDA7D009082B6 /* Main.storyboard */; };
		31B3B9621DBDDA7D009082B6 /* Assets.xcassets in Resources */ = {isa = PBXBuildFile; fileRef = 31B3B9611DBDDA7D009082B6 /* Assets.xcassets */; };
		31B3B9651DBDDA7D009082B6 /* LaunchScreen.storyboard in Resources */ = {isa = PBXBuildFile; fileRef = 31B3B9631DBDDA7D009082B6 /* LaunchScreen.storyboard */; };
		893E7238E56E6F1060A984AA /* Pods_QuizEnglishWords.framework in Frameworks */ = {isa = PBXBuildFile; fileRef = 6A94EDD5299AF589428A8AFE /* Pods_QuizEnglishWords.framework */; };
/* End PBXBuildFile section */

/* Begin PBXFileReference section */
		31B3B9571DBDDA7D009082B6 /* QuizEnglishWords.app */ = {isa = PBXFileReference; explicitFileType = wrapper.application; includeInIndex = 0; path = QuizEnglishWords.app; sourceTree = BUILT_PRODUCTS_DIR; };
		31B3B95A1DBDDA7D009082B6 /* AppDelegate.swift */ = {isa = PBXFileReference; lastKnownFileType = sourcecode.swift; path = AppDelegate.swift; sourceTree = "<group>"; };
		31B3B95C1DBDDA7D009082B6 /* MainViewController.swift */ = {isa = PBXFileReference; lastKnownFileType = sourcecode.swift; path = MainViewController.swift; sourceTree = "<group>"; };
		31B3B95F1DBDDA7D009082B6 /* Base */ = {isa = PBXFileReference; lastKnownFileType = file.storyboard; name = Base; path = Base.lproj/Main.storyboard; sourceTree = "<group>"; };
		31B3B9611DBDDA7D009082B6 /* Assets.xcassets */ = {isa = PBXFileReference; lastKnownFileType = folder.assetcatalog; path = Assets.xcassets; sourceTree = "<group>"; };
		31B3B9641DBDDA7D009082B6 /* Base */ = {isa = PBXFileReference; lastKnownFileType = file.storyboard; name = Base; path = Base.lproj/LaunchScreen.storyboard; sourceTree = "<group>"; };
		31B3B9661DBDDA7D009082B6 /* Info.plist */ = {isa = PBXFileReference; lastKnownFileType = text.plist.xml; path = Info.plist; sourceTree = "<group>"; };
		6A94EDD5299AF589428A8AFE /* Pods_QuizEnglishWords.framework */ = {isa = PBXFileReference; explicitFileType = wrapper.framework; includeInIndex = 0; path = Pods_QuizEnglishWords.framework; sourceTree = BUILT_PRODUCTS_DIR; };
		8E3E9B29D4440E7C551357A0 /* Pods-QuizEnglishWords.debug.xcconfig */ = {isa = PBXFileReference; includeInIndex = 1; lastKnownFileType = text.xcconfig; name = "Pods-QuizEnglishWords.debug.xcconfig"; path = "Pods/Target Support Files/Pods-QuizEnglishWords/Pods-QuizEnglishWords.debug.xcconfig"; sourceTree = "<group>"; };
		B917296A5CD85B0574FAB442 /* Pods-QuizEnglishWords.release.xcconfig */ = {isa = PBXFileReference; includeInIndex = 1; lastKnownFileType = text.xcconfig; name = "Pods-QuizEnglishWords.release.xcconfig"; path = "Pods/Target Support Files/Pods-QuizEnglishWords/Pods-QuizEnglishWords.release.xcconfig"; sourceTree = "<group>"; };
		CF9D93831DBDE6BF00EDB424 /* QuizEnglishWords-Bridging-Header.h */ = {isa = PBXFileReference; lastKnownFileType = sourcecode.c.h; path = "QuizEnglishWords-Bridging-Header.h"; sourceTree = "<group>"; };
/* End PBXFileReference section */

/* Begin PBXFrameworksBuildPhase section */
		31B3B9541DBDDA7D009082B6 /* Frameworks */ = {
			isa = PBXFrameworksBuildPhase;
			buildActionMask = 2147483647;
			files = (
				893E7238E56E6F1060A984AA /* Pods_QuizEnglishWords.framework in Frameworks */,
			);
			runOnlyForDeploymentPostprocessing = 0;
		};
/* End PBXFrameworksBuildPhase section */

/* Begin PBXGroup section */
		0DFB9877AD25925DA3019531 /* Frameworks */ = {
			isa = PBXGroup;
			children = (
				6A94EDD5299AF589428A8AFE /* Pods_QuizEnglishWords.framework */,
			);
			name = Frameworks;
			sourceTree = "<group>";
		};
		262952663EA7654D4635B25B /* Pods */ = {
			isa = PBXGroup;
			children = (
				8E3E9B29D4440E7C551357A0 /* Pods-QuizEnglishWords.debug.xcconfig */,
				B917296A5CD85B0574FAB442 /* Pods-QuizEnglishWords.release.xcconfig */,
			);
			name = Pods;
			sourceTree = "<group>";
		};
		31B3B94E1DBDDA7D009082B6 = {
			isa = PBXGroup;
			children = (
				31B3B9591DBDDA7D009082B6 /* QuizEnglishWords */,
				31B3B9581DBDDA7D009082B6 /* Products */,
				262952663EA7654D4635B25B /* Pods */,
				0DFB9877AD25925DA3019531 /* Frameworks */,
			);
			sourceTree = "<group>";
		};
		31B3B9581DBDDA7D009082B6 /* Products */ = {
			isa = PBXGroup;
			children = (
				31B3B9571DBDDA7D009082B6 /* QuizEnglishWords.app */,
			);
			name = Products;
			sourceTree = "<group>";
		};
		31B3B9591DBDDA7D009082B6 /* QuizEnglishWords */ = {
			isa = PBXGroup;
			children = (
				31B3B95A1DBDDA7D009082B6 /* AppDelegate.swift */,
				31B3B95C1DBDDA7D009082B6 /* MainViewController.swift */,
				CF9D93831DBDE6BF00EDB424 /* QuizEnglishWords-Bridging-Header.h */,
				31B3B95E1DBDDA7D009082B6 /* Main.storyboard */,
				31B3B9611DBDDA7D009082B6 /* Assets.xcassets */,
				31B3B9631DBDDA7D009082B6 /* LaunchScreen.storyboard */,
				31B3B9661DBDDA7D009082B6 /* Info.plist */,
			);
			path = QuizEnglishWords;
			sourceTree = "<group>";
		};
/* End PBXGroup section */

/* Begin PBXNativeTarget section */
		31B3B9561DBDDA7D009082B6 /* QuizEnglishWords */ = {
			isa = PBXNativeTarget;
			buildConfigurationList = 31B3B9691DBDDA7D009082B6 /* Build configuration list for PBXNativeTarget "QuizEnglishWords" */;
			buildPhases = (
				67AF92AF982C1DDFEE4458D3 /* [CP] Check Pods Manifest.lock */,
				31B3B9531DBDDA7D009082B6 /* Sources */,
				31B3B9541DBDDA7D009082B6 /* Frameworks */,
				31B3B9551DBDDA7D009082B6 /* Resources */,
				CF292E07D99CF0686A103D3B /* [CP] Embed Pods Frameworks */,
				90F2CEC3C1E2DEC3939C5E48 /* [CP] Copy Pods Resources */,
				68B9F1DCCE5E02ADFCBF1975 /* Embed Pods Frameworks */,
			);
			buildRules = (
			);
			dependencies = (
			);
			name = QuizEnglishWords;
			productName = QuizEnglishWords;
			productReference = 31B3B9571DBDDA7D009082B6 /* QuizEnglishWords.app */;
			productType = "com.apple.product-type.application";
		};
/* End PBXNativeTarget section */

/* Begin PBXProject section */
		31B3B94F1DBDDA7D009082B6 /* Project object */ = {
			isa = PBXProject;
			attributes = {
				LastSwiftUpdateCheck = 0800;
				LastUpgradeCheck = 0800;
				ORGANIZATIONNAME = Kandai;
				TargetAttributes = {
					31B3B9561DBDDA7D009082B6 = {
						CreatedOnToolsVersion = 8.0;
						ProvisioningStyle = Automatic;
					};
				};
			};
			buildConfigurationList = 31B3B9521DBDDA7D009082B6 /* Build configuration list for PBXProject "QuizEnglishWords" */;
			compatibilityVersion = "Xcode 3.2";
			developmentRegion = English;
			hasScannedForEncodings = 0;
			knownRegions = (
				en,
				Base,
			);
			mainGroup = 31B3B94E1DBDDA7D009082B6;
			productRefGroup = 31B3B9581DBDDA7D009082B6 /* Products */;
			projectDirPath = "";
			projectRoot = "";
			targets = (
				31B3B9561DBDDA7D009082B6 /* QuizEnglishWords */,
			);
		};
/* End PBXProject section */

/* Begin PBXResourcesBuildPhase section */
		31B3B9551DBDDA7D009082B6 /* Resources */ = {
			isa = PBXResourcesBuildPhase;
			buildActionMask = 2147483647;
			files = (
				31B3B9651DBDDA7D009082B6 /* LaunchScreen.storyboard in Resources */,
				31B3B9621DBDDA7D009082B6 /* Assets.xcassets in Resources */,
				31B3B9601DBDDA7D009082B6 /* Main.storyboard in Resources */,
			);
			runOnlyForDeploymentPostprocessing = 0;
		};
/* End PBXResourcesBuildPhase section */

/* Begin PBXShellScriptBuildPhase section */
		67AF92AF982C1DDFEE4458D3 /* [CP] Check Pods Manifest.lock */ = {
			isa = PBXShellScriptBuildPhase;
			buildActionMask = 2147483647;
			files = (
			);
			inputPaths = (
			);
			name = "[CP] Check Pods Manifest.lock";
			outputPaths = (
			);
			runOnlyForDeploymentPostprocessing = 0;
			shellPath = /bin/sh;
			shellScript = "diff \"${PODS_ROOT}/../Podfile.lock\" \"${PODS_ROOT}/Manifest.lock\" > /dev/null\nif [[ $? != 0 ]] ; then\n    cat << EOM\nerror: The sandbox is not in sync with the Podfile.lock. Run 'pod install' or update your CocoaPods installation.\nEOM\n    exit 1\nfi\n";
			showEnvVarsInLog = 0;
		};
		68B9F1DCCE5E02ADFCBF1975 /* Embed Pods Frameworks */ = {
			isa = PBXShellScriptBuildPhase;
			buildActionMask = 2147483647;
			files = (
			);
			inputPaths = (
			);
			name = "Embed Pods Frameworks";
			outputPaths = (
			);
			runOnlyForDeploymentPostprocessing = 0;
			shellPath = /bin/sh;
			shellScript = "\"${SRCROOT}/Pods/Target Support Files/Pods-QuizEnglishWords/Pods-QuizEnglishWords-frameworks.sh\"\n";
			showEnvVarsInLog = 0;
		};
		90F2CEC3C1E2DEC3939C5E48 /* [CP] Copy Pods Resources */ = {
			isa = PBXShellScriptBuildPhase;
			buildActionMask = 2147483647;
			files = (
			);
			inputPaths = (
			);
			name = "[CP] Copy Pods Resources";
			outputPaths = (
			);
			runOnlyForDeploymentPostprocessing = 0;
			shellPath = /bin/sh;
			shellScript = "\"${SRCROOT}/Pods/Target Support Files/Pods-QuizEnglishWords/Pods-QuizEnglishWords-resources.sh\"\n";
			showEnvVarsInLog = 0;
		};
		CF292E07D99CF0686A103D3B /* [CP] Embed Pods Frameworks */ = {
			isa = PBXShellScriptBuildPhase;
			buildActionMask = 2147483647;
			files = (
			);
			inputPaths = (
			);
			name = "[CP] Embed Pods Frameworks";
			outputPaths = (
			);
			runOnlyForDeploymentPostprocessing = 0;
			shellPath = /bin/sh;
			shellScript = "\"${SRCROOT}/Pods/Target Support Files/Pods-QuizEnglishWords/Pods-QuizEnglishWords-frameworks.sh\"\n";
			showEnvVarsInLog = 0;
		};
/* End PBXShellScriptBuildPhase section */

/* Begin PBXSourcesBuildPhase section */
		31B3B9531DBDDA7D009082B6 /* Sources */ = {
			isa = PBXSourcesBuildPhase;
			buildActionMask = 2147483647;
			files = (
				31B3B95D1DBDDA7D009082B6 /* MainViewController.swift in Sources */,
				31B3B95B1DBDDA7D009082B6 /* AppDelegate.swift in Sources */,
			);
			runOnlyForDeploymentPostprocessing = 0;
		};
/* End PBXSourcesBuildPhase section */

/* Begin PBXVariantGroup section */
		31B3B95E1DBDDA7D009082B6 /* Main.storyboard */ = {
			isa = PBXVariantGroup;
			children = (
				31B3B95F1DBDDA7D009082B6 /* Base */,
			);
			name = Main.storyboard;
			sourceTree = "<group>";
		};
		31B3B9631DBDDA7D009082B6 /* LaunchScreen.storyboard */ = {
			isa = PBXVariantGroup;
			children = (
				31B3B9641DBDDA7D009082B6 /* Base */,
			);
			name = LaunchScreen.storyboard;
			sourceTree = "<group>";
		};
/* End PBXVariantGroup section */

/* Begin XCBuildConfiguration section */
		31B3B9671DBDDA7D009082B6 /* Debug */ = {
			isa = XCBuildConfiguration;
			buildSettings = {
				ALWAYS_SEARCH_USER_PATHS = NO;
				CLANG_ANALYZER_NONNULL = YES;
				CLANG_CXX_LANGUAGE_STANDARD = "gnu++0x";
				CLANG_CXX_LIBRARY = "libc++";
				CLANG_ENABLE_MODULES = YES;
				CLANG_ENABLE_OBJC_ARC = YES;
				CLANG_WARN_BOOL_CONVERSION = YES;
				CLANG_WARN_CONSTANT_CONVERSION = YES;
				CLANG_WARN_DIRECT_OBJC_ISA_USAGE = YES_ERROR;
				CLANG_WARN_DOCUMENTATION_COMMENTS = YES;
				CLANG_WARN_EMPTY_BODY = YES;
				CLANG_WARN_ENUM_CONVERSION = YES;
				CLANG_WARN_INFINITE_RECURSION = YES;
				CLANG_WARN_INT_CONVERSION = YES;
				CLANG_WARN_OBJC_ROOT_CLASS = YES_ERROR;
				CLANG_WARN_SUSPICIOUS_MOVES = YES;
				CLANG_WARN_UNREACHABLE_CODE = YES;
				CLANG_WARN__DUPLICATE_METHOD_MATCH = YES;
				"CODE_SIGN_IDENTITY[sdk=iphoneos*]" = "iPhone Developer";
				COPY_PHASE_STRIP = NO;
				DEBUG_INFORMATION_FORMAT = dwarf;
				ENABLE_STRICT_OBJC_MSGSEND = YES;
				ENABLE_TESTABILITY = YES;
				GCC_C_LANGUAGE_STANDARD = gnu99;
				GCC_DYNAMIC_NO_PIC = NO;
				GCC_NO_COMMON_BLOCKS = YES;
				GCC_OPTIMIZATION_LEVEL = 0;
				GCC_PREPROCESSOR_DEFINITIONS = (
					"DEBUG=1",
					"$(inherited)",
				);
				GCC_WARN_64_TO_32_BIT_CONVERSION = YES;
				GCC_WARN_ABOUT_RETURN_TYPE = YES_ERROR;
				GCC_WARN_UNDECLARED_SELECTOR = YES;
				GCC_WARN_UNINITIALIZED_AUTOS = YES_AGGRESSIVE;
				GCC_WARN_UNUSED_FUNCTION = YES;
				GCC_WARN_UNUSED_VARIABLE = YES;
				IPHONEOS_DEPLOYMENT_TARGET = 10.0;
				MTL_ENABLE_DEBUG_INFO = YES;
				ONLY_ACTIVE_ARCH = YES;
				SDKROOT = iphoneos;
				SWIFT_ACTIVE_COMPILATION_CONDITIONS = DEBUG;
				SWIFT_OPTIMIZATION_LEVEL = "-Onone";
			};
			name = Debug;
		};
		31B3B9681DBDDA7D009082B6 /* Release */ = {
			isa = XCBuildConfiguration;
			buildSettings = {
				ALWAYS_SEARCH_USER_PATHS = NO;
				CLANG_ANALYZER_NONNULL = YES;
				CLANG_CXX_LANGUAGE_STANDARD = "gnu++0x";
				CLANG_CXX_LIBRARY = "libc++";
				CLANG_ENABLE_MODULES = YES;
				CLANG_ENABLE_OBJC_ARC = YES;
				CLANG_WARN_BOOL_CONVERSION = YES;
				CLANG_WARN_CONSTANT_CONVERSION = YES;
				CLANG_WARN_DIRECT_OBJC_ISA_USAGE = YES_ERROR;
				CLANG_WARN_DOCUMENTATION_COMMENTS = YES;
				CLANG_WARN_EMPTY_BODY = YES;
				CLANG_WARN_ENUM_CONVERSION = YES;
				CLANG_WARN_INFINITE_RECURSION = YES;
				CLANG_WARN_INT_CONVERSION = YES;
				CLANG_WARN_OBJC_ROOT_CLASS = YES_ERROR;
				CLANG_WARN_SUSPICIOUS_MOVES = YES;
				CLANG_WARN_UNREACHABLE_CODE = YES;
				CLANG_WARN__DUPLICATE_METHOD_MATCH = YES;
				"CODE_SIGN_IDENTITY[sdk=iphoneos*]" = "iPhone Developer";
				COPY_PHASE_STRIP = NO;
				DEBUG_INFORMATION_FORMAT = "dwarf-with-dsym";
				ENABLE_NS_ASSERTIONS = NO;
				ENABLE_STRICT_OBJC_MSGSEND = YES;
				GCC_C_LANGUAGE_STANDARD = gnu99;
				GCC_NO_COMMON_BLOCKS = YES;
				GCC_WARN_64_TO_32_BIT_CONVERSION = YES;
				GCC_WARN_ABOUT_RETURN_TYPE = YES_ERROR;
				GCC_WARN_UNDECLARED_SELECTOR = YES;
				GCC_WARN_UNINITIALIZED_AUTOS = YES_AGGRESSIVE;
				GCC_WARN_UNUSED_FUNCTION = YES;
				GCC_WARN_UNUSED_VARIABLE = YES;
				IPHONEOS_DEPLOYMENT_TARGET = 10.0;
				MTL_ENABLE_DEBUG_INFO = NO;
				SDKROOT = iphoneos;
				SWIFT_OPTIMIZATION_LEVEL = "-Owholemodule";
				VALIDATE_PRODUCT = YES;
			};
			name = Release;
		};
		31B3B96A1DBDDA7D009082B6 /* Debug */ = {
			isa = XCBuildConfiguration;
			baseConfigurationReference = 8E3E9B29D4440E7C551357A0 /* Pods-QuizEnglishWords.debug.xcconfig */;
			buildSettings = {
				ASSETCATALOG_COMPILER_APPICON_NAME = AppIcon;
				INFOPLIST_FILE = QuizEnglishWords/Info.plist;
				LD_RUNPATH_SEARCH_PATHS = "$(inherited) @executable_path/Frameworks";
				PRODUCT_BUNDLE_IDENTIFIER = com.quiz.apps.QuizEnglishWords;
				PRODUCT_NAME = "$(TARGET_NAME)";
				SWIFT_OBJC_BRIDGING_HEADER = "QuizEnglishWords/QuizEnglishWords-Bridging-Header.h";
				SWIFT_VERSION = 3.0;
			};
			name = Debug;
		};
		31B3B96B1DBDDA7D009082B6 /* Release */ = {
			isa = XCBuildConfiguration;
			baseConfigurationReference = B917296A5CD85B0574FAB442 /* Pods-QuizEnglishWords.release.xcconfig */;
			buildSettings = {
				ASSETCATALOG_COMPILER_APPICON_NAME = AppIcon;
				INFOPLIST_FILE = QuizEnglishWords/Info.plist;
				LD_RUNPATH_SEARCH_PATHS = "$(inherited) @executable_path/Frameworks";
				PRODUCT_BUNDLE_IDENTIFIER = com.quiz.apps.QuizEnglishWords;
				PRODUCT_NAME = "$(TARGET_NAME)";
				SWIFT_OBJC_BRIDGING_HEADER = "QuizEnglishWords/QuizEnglishWords-Bridging-Header.h";
				SWIFT_VERSION = 3.0;
			};
			name = Release;
		};
/* End XCBuildConfiguration section */

/* Begin XCConfigurationList section */
		31B3B9521DBDDA7D009082B6 /* Build configuration list for PBXProject "QuizEnglishWords" */ = {
			isa = XCConfigurationList;
			buildConfigurations = (
				31B3B9671DBDDA7D009082B6 /* Debug */,
				31B3B9681DBDDA7D009082B6 /* Release */,
			);
			defaultConfigurationIsVisible = 0;
			defaultConfigurationName = Release;
		};
		31B3B9691DBDDA7D009082B6 /* Build configuration list for PBXNativeTarget "QuizEnglishWords" */ = {
			isa = XCConfigurationList;
			buildConfigurations = (
				31B3B96A1DBDDA7D009082B6 /* Debug */,
				31B3B96B1DBDDA7D009082B6 /* Release */,
			);
			defaultConfigurationIsVisible = 0;
			defaultConfigurationName = Release;
		};
/* End XCConfigurationList section */
	};
	rootObject = 31B3B94F1DBDDA7D009082B6 /* Project object */;
}
