// !$*UTF8*$!
{
	archiveVersion = 1;
	classes = {
	};
	objectVersion = 46;
	objects = {

/* Begin PBXBuildFile section */
		319CF5281DE1CA9D00C615C2 /* CreateButton.swift in Sources */ = {isa = PBXBuildFile; fileRef = 319CF5271DE1CA9D00C615C2 /* CreateButton.swift */; };
		319CF52A1DE1CB4400C615C2 /* EnglishWordsLsit.json in Resources */ = {isa = PBXBuildFile; fileRef = 319CF5291DE1CB4400C615C2 /* EnglishWordsLsit.json */; };
		319CF52C1DE1CB6600C615C2 /* Word.swift in Sources */ = {isa = PBXBuildFile; fileRef = 319CF52B1DE1CB6600C615C2 /* Word.swift */; };
		31B3B95B1DBDDA7D009082B6 /* AppDelegate.swift in Sources */ = {isa = PBXBuildFile; fileRef = 31B3B95A1DBDDA7D009082B6 /* AppDelegate.swift */; };
		31B3B95D1DBDDA7D009082B6 /* MainViewController.swift in Sources */ = {isa = PBXBuildFile; fileRef = 31B3B95C1DBDDA7D009082B6 /* MainViewController.swift */; };
		31B3B9601DBDDA7D009082B6 /* Main.storyboard in Resources */ = {isa = PBXBuildFile; fileRef = 31B3B95E1DBDDA7D009082B6 /* Main.storyboard */; };
		31B3B9621DBDDA7D009082B6 /* Assets.xcassets in Resources */ = {isa = PBXBuildFile; fileRef = 31B3B9611DBDDA7D009082B6 /* Assets.xcassets */; };
		31B3B9651DBDDA7D009082B6 /* LaunchScreen.storyboard in Resources */ = {isa = PBXBuildFile; fileRef = 31B3B9631DBDDA7D009082B6 /* LaunchScreen.storyboard */; };
		596DAEDDFDE6F5D0BF3BA569 /* Pods_QuizEnglishWords.framework in Frameworks */ = {isa = PBXBuildFile; fileRef = 7BB3F398E01FB2B82F819797 /* Pods_QuizEnglishWords.framework */; };
		CF36E3AC1DEC03050035EC58 /* SwiftyJSON.framework in Frameworks */ = {isa = PBXBuildFile; fileRef = CF36E3AB1DEC03050035EC58 /* SwiftyJSON.framework */; };
		CF36E3AE1DEC03090035EC58 /* Realm.framework in Frameworks */ = {isa = PBXBuildFile; fileRef = CF36E3AD1DEC03090035EC58 /* Realm.framework */; };
		CF36E3B01DEC030C0035EC58 /* RealmSwift.framework in Frameworks */ = {isa = PBXBuildFile; fileRef = CF36E3AF1DEC030C0035EC58 /* RealmSwift.framework */; };
		CFCE56641DD04F3F0085C791 /* WordListViewController.swift in Sources */ = {isa = PBXBuildFile; fileRef = CFCE56631DD04F3F0085C791 /* WordListViewController.swift */; };
		CFDA13C81DF543B4006E814E /* 2.png in Resources */ = {isa = PBXBuildFile; fileRef = CFDA13C61DF543B4006E814E /* 2.png */; };
		CFDA13C91DF543B4006E814E /* 1.png in Resources */ = {isa = PBXBuildFile; fileRef = CFDA13C71DF543B4006E814E /* 1.png */; };
		CFEE5E3A1DF53B6900279EF2 /* CustomCell.swift in Sources */ = {isa = PBXBuildFile; fileRef = CFEE5E381DF53B6900279EF2 /* CustomCell.swift */; };
		CFEE5E3B1DF53B6900279EF2 /* CustomCell.xib in Resources */ = {isa = PBXBuildFile; fileRef = CFEE5E391DF53B6900279EF2 /* CustomCell.xib */; };
		CFF9FDE11DFE753800008F60 /* QuestionViewController.swift in Sources */ = {isa = PBXBuildFile; fileRef = CFF9FDE01DFE753800008F60 /* QuestionViewController.swift */; };
		CFF9FDE31DFE787700008F60 /* LoadWordsFromJSON .swift in Sources */ = {isa = PBXBuildFile; fileRef = CFF9FDE21DFE787700008F60 /* LoadWordsFromJSON .swift */; };
/* End PBXBuildFile section */

/* Begin PBXFileReference section */
		319CF5271DE1CA9D00C615C2 /* CreateButton.swift */ = {isa = PBXFileReference; fileEncoding = 4; lastKnownFileType = sourcecode.swift; path = CreateButton.swift; sourceTree = "<group>"; };
		319CF5291DE1CB4400C615C2 /* EnglishWordsLsit.json */ = {isa = PBXFileReference; fileEncoding = 4; lastKnownFileType = text.json; path = EnglishWordsLsit.json; sourceTree = "<group>"; };
		319CF52B1DE1CB6600C615C2 /* Word.swift */ = {isa = PBXFileReference; fileEncoding = 4; lastKnownFileType = sourcecode.swift; path = Word.swift; sourceTree = "<group>"; };
		31B3B9571DBDDA7D009082B6 /* QuizEnglishWords.app */ = {isa = PBXFileReference; explicitFileType = wrapper.application; includeInIndex = 0; path = QuizEnglishWords.app; sourceTree = BUILT_PRODUCTS_DIR; };
		31B3B95A1DBDDA7D009082B6 /* AppDelegate.swift */ = {isa = PBXFileReference; lastKnownFileType = sourcecode.swift; path = AppDelegate.swift; sourceTree = "<group>"; };
		31B3B95C1DBDDA7D009082B6 /* MainViewController.swift */ = {isa = PBXFileReference; lastKnownFileType = sourcecode.swift; path = MainViewController.swift; sourceTree = "<group>"; };
		31B3B95F1DBDDA7D009082B6 /* Base */ = {isa = PBXFileReference; lastKnownFileType = file.storyboard; name = Base; path = Base.lproj/Main.storyboard; sourceTree = "<group>"; };
		31B3B9611DBDDA7D009082B6 /* Assets.xcassets */ = {isa = PBXFileReference; lastKnownFileType = folder.assetcatalog; path = Assets.xcassets; sourceTree = "<group>"; };
		31B3B9641DBDDA7D009082B6 /* Base */ = {isa = PBXFileReference; lastKnownFileType = file.storyboard; name = Base; path = Base.lproj/LaunchScreen.storyboard; sourceTree = "<group>"; };
		31B3B9661DBDDA7D009082B6 /* Info.plist */ = {isa = PBXFileReference; lastKnownFileType = text.plist.xml; path = Info.plist; sourceTree = "<group>"; };
		4099B7A04081D1004EB14E58 /* Pods-QuizEnglishWords.release.xcconfig */ = {isa = PBXFileReference; includeInIndex = 1; lastKnownFileType = text.xcconfig; name = "Pods-QuizEnglishWords.release.xcconfig"; path = "Pods/Target Support Files/Pods-QuizEnglishWords/Pods-QuizEnglishWords.release.xcconfig"; sourceTree = "<group>"; };
		7BB3F398E01FB2B82F819797 /* Pods_QuizEnglishWords.framework */ = {isa = PBXFileReference; explicitFileType = wrapper.framework; includeInIndex = 0; path = Pods_QuizEnglishWords.framework; sourceTree = BUILT_PRODUCTS_DIR; };
		B2D41E7C07394011AA82812D /* Pods-QuizEnglishWords.debug.xcconfig */ = {isa = PBXFileReference; includeInIndex = 1; lastKnownFileType = text.xcconfig; name = "Pods-QuizEnglishWords.debug.xcconfig"; path = "Pods/Target Support Files/Pods-QuizEnglishWords/Pods-QuizEnglishWords.debug.xcconfig"; sourceTree = "<group>"; };
		CF36E3AB1DEC03050035EC58 /* SwiftyJSON.framework */ = {isa = PBXFileReference; lastKnownFileType = wrapper.framework; name = SwiftyJSON.framework; path = "../../Library/Developer/Xcode/DerivedData/QuizEnglishWords-eyfutgdbuttlkbborgeyhzfoepva/Build/Products/Debug-iphonesimulator/SwiftyJSON/SwiftyJSON.framework"; sourceTree = "<group>"; };
		CF36E3AD1DEC03090035EC58 /* Realm.framework */ = {isa = PBXFileReference; lastKnownFileType = wrapper.framework; name = Realm.framework; path = "../../Library/Developer/Xcode/DerivedData/QuizEnglishWords-eyfutgdbuttlkbborgeyhzfoepva/Build/Products/Debug-iphonesimulator/Realm/Realm.framework"; sourceTree = "<group>"; };
		CF36E3AF1DEC030C0035EC58 /* RealmSwift.framework */ = {isa = PBXFileReference; lastKnownFileType = wrapper.framework; name = RealmSwift.framework; path = "../../Library/Developer/Xcode/DerivedData/QuizEnglishWords-eyfutgdbuttlkbborgeyhzfoepva/Build/Products/Debug-iphonesimulator/RealmSwift/RealmSwift.framework"; sourceTree = "<group>"; };
		CF9D93831DBDE6BF00EDB424 /* QuizEnglishWords-Bridging-Header.h */ = {isa = PBXFileReference; lastKnownFileType = sourcecode.c.h; path = "QuizEnglishWords-Bridging-Header.h"; sourceTree = "<group>"; };
		CFCE56631DD04F3F0085C791 /* WordListViewController.swift */ = {isa = PBXFileReference; fileEncoding = 4; lastKnownFileType = sourcecode.swift; path = WordListViewController.swift; sourceTree = "<group>"; };
		CFDA13C61DF543B4006E814E /* 2.png */ = {isa = PBXFileReference; lastKnownFileType = image.png; path = 2.png; sourceTree = "<group>"; };
		CFDA13C71DF543B4006E814E /* 1.png */ = {isa = PBXFileReference; lastKnownFileType = image.png; path = 1.png; sourceTree = "<group>"; };
		CFEE5E381DF53B6900279EF2 /* CustomCell.swift */ = {isa = PBXFileReference; fileEncoding = 4; lastKnownFileType = sourcecode.swift; path = CustomCell.swift; sourceTree = "<group>"; };
		CFEE5E391DF53B6900279EF2 /* CustomCell.xib */ = {isa = PBXFileReference; fileEncoding = 4; lastKnownFileType = file.xib; path = CustomCell.xib; sourceTree = "<group>"; };
		CFF9FDE01DFE753800008F60 /* QuestionViewController.swift */ = {isa = PBXFileReference; fileEncoding = 4; lastKnownFileType = sourcecode.swift; path = QuestionViewController.swift; sourceTree = "<group>"; };
		CFF9FDE21DFE787700008F60 /* LoadWordsFromJSON .swift */ = {isa = PBXFileReference; fileEncoding = 4; lastKnownFileType = sourcecode.swift; path = "LoadWordsFromJSON .swift"; sourceTree = "<group>"; };
/* End PBXFileReference section */

/* Begin PBXFrameworksBuildPhase section */
		31B3B9541DBDDA7D009082B6 /* Frameworks */ = {
			isa = PBXFrameworksBuildPhase;
			buildActionMask = 2147483647;
			files = (
				CF36E3B01DEC030C0035EC58 /* RealmSwift.framework in Frameworks */,
				CF36E3AE1DEC03090035EC58 /* Realm.framework in Frameworks */,
				CF36E3AC1DEC03050035EC58 /* SwiftyJSON.framework in Frameworks */,
				596DAEDDFDE6F5D0BF3BA569 /* Pods_QuizEnglishWords.framework in Frameworks */,
			);
			runOnlyForDeploymentPostprocessing = 0;
		};
/* End PBXFrameworksBuildPhase section */

/* Begin PBXGroup section */
		319CF51E1DE1C8F400C615C2 /* Model */ = {
			isa = PBXGroup;
			children = (
				319CF52B1DE1CB6600C615C2 /* Word.swift */,
			);
			name = Model;
			sourceTree = "<group>";
		};
		319CF5201DE1C90000C615C2 /* Controller */ = {
			isa = PBXGroup;
			children = (
				31B3B95C1DBDDA7D009082B6 /* MainViewController.swift */,
				CFCE56631DD04F3F0085C791 /* WordListViewController.swift */,
				CFF9FDE01DFE753800008F60 /* QuestionViewController.swift */,
			);
			name = Controller;
			sourceTree = "<group>";
		};
		319CF5211DE1C90900C615C2 /* Global */ = {
			isa = PBXGroup;
			children = (
				31B3B95A1DBDDA7D009082B6 /* AppDelegate.swift */,
				319CF5271DE1CA9D00C615C2 /* CreateButton.swift */,
				CFF9FDE21DFE787700008F60 /* LoadWordsFromJSON .swift */,
			);
			name = Global;
			sourceTree = "<group>";
		};
		31B3B94E1DBDDA7D009082B6 = {
			isa = PBXGroup;
			children = (
				31B3B9591DBDDA7D009082B6 /* QuizEnglishWords */,
				31B3B9581DBDDA7D009082B6 /* Products */,
				5849A111C8FC0E97CE671D70 /* Pods */,
				62B658DC5D56FEC6FC798971 /* Frameworks */,
			);
			sourceTree = "<group>";
		};
		31B3B9581DBDDA7D009082B6 /* Products */ = {
			isa = PBXGroup;
			children = (
				31B3B9571DBDDA7D009082B6 /* QuizEnglishWords.app */,
			);
			name = Products;
			sourceTree = "<group>";
		};
		31B3B9591DBDDA7D009082B6 /* QuizEnglishWords */ = {
			isa = PBXGroup;
			children = (
				CFDA13C51DF543A0006E814E /* Image */,
				CFEE5E351DF53A7400279EF2 /* View */,
				319CF51E1DE1C8F400C615C2 /* Model */,
				319CF5201DE1C90000C615C2 /* Controller */,
				319CF5211DE1C90900C615C2 /* Global */,
				31B3B95E1DBDDA7D009082B6 /* Main.storyboard */,
				319CF5291DE1CB4400C615C2 /* EnglishWordsLsit.json */,
				CF9D93831DBDE6BF00EDB424 /* QuizEnglishWords-Bridging-Header.h */,
				31B3B9611DBDDA7D009082B6 /* Assets.xcassets */,
				31B3B9631DBDDA7D009082B6 /* LaunchScreen.storyboard */,
				31B3B9661DBDDA7D009082B6 /* Info.plist */,
			);
			path = QuizEnglishWords;
			sourceTree = "<group>";
		};
		5849A111C8FC0E97CE671D70 /* Pods */ = {
			isa = PBXGroup;
			children = (
				B2D41E7C07394011AA82812D /* Pods-QuizEnglishWords.debug.xcconfig */,
				4099B7A04081D1004EB14E58 /* Pods-QuizEnglishWords.release.xcconfig */,
			);
			name = Pods;
			sourceTree = "<group>";
		};
		62B658DC5D56FEC6FC798971 /* Frameworks */ = {
			isa = PBXGroup;
			children = (
				CF36E3AF1DEC030C0035EC58 /* RealmSwift.framework */,
				CF36E3AD1DEC03090035EC58 /* Realm.framework */,
				CF36E3AB1DEC03050035EC58 /* SwiftyJSON.framework */,
				7BB3F398E01FB2B82F819797 /* Pods_QuizEnglishWords.framework */,
			);
			name = Frameworks;
			sourceTree = "<group>";
		};
		CFDA13C51DF543A0006E814E /* Image */ = {
			isa = PBXGroup;
			children = (
				CFDA13C61DF543B4006E814E /* 2.png */,
				CFDA13C71DF543B4006E814E /* 1.png */,
			);
			name = Image;
			sourceTree = "<group>";
		};
		CFEE5E351DF53A7400279EF2 /* View */ = {
			isa = PBXGroup;
			children = (
				CFEE5E381DF53B6900279EF2 /* CustomCell.swift */,
				CFEE5E391DF53B6900279EF2 /* CustomCell.xib */,
			);
			name = View;
			sourceTree = "<group>";
		};
/* End PBXGroup section */

/* Begin PBXNativeTarget section */
		31B3B9561DBDDA7D009082B6 /* QuizEnglishWords */ = {
			isa = PBXNativeTarget;
			buildConfigurationList = 31B3B9691DBDDA7D009082B6 /* Build configuration list for PBXNativeTarget "QuizEnglishWords" */;
			buildPhases = (
				67AF92AF982C1DDFEE4458D3 /* [CP] Check Pods Manifest.lock */,
				31B3B9531DBDDA7D009082B6 /* Sources */,
				31B3B9541DBDDA7D009082B6 /* Frameworks */,
				31B3B9551DBDDA7D009082B6 /* Resources */,
				CF292E07D99CF0686A103D3B /* [CP] Embed Pods Frameworks */,
				90F2CEC3C1E2DEC3939C5E48 /* [CP] Copy Pods Resources */,
			);
			buildRules = (
			);
			dependencies = (
			);
			name = QuizEnglishWords;
			productName = QuizEnglishWords;
			productReference = 31B3B9571DBDDA7D009082B6 /* QuizEnglishWords.app */;
			productType = "com.apple.product-type.application";
		};
/* End PBXNativeTarget section */

/* Begin PBXProject section */
		31B3B94F1DBDDA7D009082B6 /* Project object */ = {
			isa = PBXProject;
			attributes = {
				LastSwiftUpdateCheck = 0800;
				LastUpgradeCheck = 0810;
				ORGANIZATIONNAME = Kandai;
				TargetAttributes = {
					31B3B9561DBDDA7D009082B6 = {
						CreatedOnToolsVersion = 8.0;
						ProvisioningStyle = Automatic;
					};
				};
			};
			buildConfigurationList = 31B3B9521DBDDA7D009082B6 /* Build configuration list for PBXProject "QuizEnglishWords" */;
			compatibilityVersion = "Xcode 3.2";
			developmentRegion = English;
			hasScannedForEncodings = 0;
			knownRegions = (
				en,
				Base,
			);
			mainGroup = 31B3B94E1DBDDA7D009082B6;
			productRefGroup = 31B3B9581DBDDA7D009082B6 /* Products */;
			projectDirPath = "";
			projectRoot = "";
			targets = (
				31B3B9561DBDDA7D009082B6 /* QuizEnglishWords */,
			);
		};
/* End PBXProject section */

/* Begin PBXResourcesBuildPhase section */
		31B3B9551DBDDA7D009082B6 /* Resources */ = {
			isa = PBXResourcesBuildPhase;
			buildActionMask = 2147483647;
			files = (
				CFDA13C81DF543B4006E814E /* 2.png in Resources */,
				CFEE5E3B1DF53B6900279EF2 /* CustomCell.xib in Resources */,
				31B3B9651DBDDA7D009082B6 /* LaunchScreen.storyboard in Resources */,
				31B3B9621DBDDA7D009082B6 /* Assets.xcassets in Resources */,
				319CF52A1DE1CB4400C615C2 /* EnglishWordsLsit.json in Resources */,
				31B3B9601DBDDA7D009082B6 /* Main.storyboard in Resources */,
				CFDA13C91DF543B4006E814E /* 1.png in Resources */,
			);
			runOnlyForDeploymentPostprocessing = 0;
		};
/* End PBXResourcesBuildPhase section */

/* Begin PBXShellScriptBuildPhase section */
		67AF92AF982C1DDFEE4458D3 /* [CP] Check Pods Manifest.lock */ = {
			isa = PBXShellScriptBuildPhase;
			buildActionMask = 2147483647;
			files = (
			);
			inputPaths = (
			);
			name = "[CP] Check Pods Manifest.lock";
			outputPaths = (
			);
			runOnlyForDeploymentPostprocessing = 0;
			shellPath = /bin/sh;
			shellScript = "diff \"${PODS_ROOT}/../Podfile.lock\" \"${PODS_ROOT}/Manifest.lock\" > /dev/null\nif [ $? != 0 ] ; then\n    # print error to STDERR\n    echo \"error: The sandbox is not in sync with the Podfile.lock. Run 'pod install' or update your CocoaPods installation.\" >&2\n    exit 1\nfi\n";
			showEnvVarsInLog = 0;
		};
		90F2CEC3C1E2DEC3939C5E48 /* [CP] Copy Pods Resources */ = {
			isa = PBXShellScriptBuildPhase;
			buildActionMask = 2147483647;
			files = (
			);
			inputPaths = (
			);
			name = "[CP] Copy Pods Resources";
			outputPaths = (
			);
			runOnlyForDeploymentPostprocessing = 0;
			shellPath = /bin/sh;
			shellScript = "\"${SRCROOT}/Pods/Target Support Files/Pods-QuizEnglishWords/Pods-QuizEnglishWords-resources.sh\"\n";
			showEnvVarsInLog = 0;
		};
		CF292E07D99CF0686A103D3B /* [CP] Embed Pods Frameworks */ = {
			isa = PBXShellScriptBuildPhase;
			buildActionMask = 2147483647;
			files = (
			);
			inputPaths = (
			);
			name = "[CP] Embed Pods Frameworks";
			outputPaths = (
			);
			runOnlyForDeploymentPostprocessing = 0;
			shellPath = /bin/sh;
			shellScript = "\"${SRCROOT}/Pods/Target Support Files/Pods-QuizEnglishWords/Pods-QuizEnglishWords-frameworks.sh\"\n";
			showEnvVarsInLog = 0;
		};
/* End PBXShellScriptBuildPhase section */

/* Begin PBXSourcesBuildPhase section */
		31B3B9531DBDDA7D009082B6 /* Sources */ = {
			isa = PBXSourcesBuildPhase;
			buildActionMask = 2147483647;
			files = (
				31B3B95D1DBDDA7D009082B6 /* MainViewController.swift in Sources */,
				319CF5281DE1CA9D00C615C2 /* CreateButton.swift in Sources */,
				CFF9FDE11DFE753800008F60 /* QuestionViewController.swift in Sources */,
				319CF52C1DE1CB6600C615C2 /* Word.swift in Sources */,
				CFF9FDE31DFE787700008F60 /* LoadWordsFromJSON .swift in Sources */,
				CFCE56641DD04F3F0085C791 /* WordListViewController.swift in Sources */,
				CFEE5E3A1DF53B6900279EF2 /* CustomCell.swift in Sources */,
				31B3B95B1DBDDA7D009082B6 /* AppDelegate.swift in Sources */,
			);
			runOnlyForDeploymentPostprocessing = 0;
		};
/* End PBXSourcesBuildPhase section */

/* Begin PBXVariantGroup section */
		31B3B95E1DBDDA7D009082B6 /* Main.storyboard */ = {
			isa = PBXVariantGroup;
			children = (
				31B3B95F1DBDDA7D009082B6 /* Base */,
			);
			name = Main.storyboard;
			sourceTree = "<group>";
		};
		31B3B9631DBDDA7D009082B6 /* LaunchScreen.storyboard */ = {
			isa = PBXVariantGroup;
			children = (
				31B3B9641DBDDA7D009082B6 /* Base */,
			);
			name = LaunchScreen.storyboard;
			sourceTree = "<group>";
		};
/* End PBXVariantGroup section */

/* Begin XCBuildConfiguration section */
		31B3B9671DBDDA7D009082B6 /* Debug */ = {
			isa = XCBuildConfiguration;
			buildSettings = {
				ALWAYS_SEARCH_USER_PATHS = NO;
				CLANG_ANALYZER_NONNULL = YES;
				CLANG_CXX_LANGUAGE_STANDARD = "gnu++0x";
				CLANG_CXX_LIBRARY = "libc++";
				CLANG_ENABLE_MODULES = YES;
				CLANG_ENABLE_OBJC_ARC = YES;
				CLANG_WARN_BOOL_CONVERSION = YES;
				CLANG_WARN_CONSTANT_CONVERSION = YES;
				CLANG_WARN_DIRECT_OBJC_ISA_USAGE = YES_ERROR;
				CLANG_WARN_DOCUMENTATION_COMMENTS = YES;
				CLANG_WARN_EMPTY_BODY = YES;
				CLANG_WARN_ENUM_CONVERSION = YES;
				CLANG_WARN_INFINITE_RECURSION = YES;
				CLANG_WARN_INT_CONVERSION = YES;
				CLANG_WARN_OBJC_ROOT_CLASS = YES_ERROR;
				CLANG_WARN_SUSPICIOUS_MOVE = YES;
				CLANG_WARN_SUSPICIOUS_MOVES = YES;
				CLANG_WARN_UNREACHABLE_CODE = YES;
				CLANG_WARN__DUPLICATE_METHOD_MATCH = YES;
				"CODE_SIGN_IDENTITY[sdk=iphoneos*]" = "iPhone Developer";
				COPY_PHASE_STRIP = NO;
				DEBUG_INFORMATION_FORMAT = dwarf;
				ENABLE_STRICT_OBJC_MSGSEND = YES;
				ENABLE_TESTABILITY = YES;
				GCC_C_LANGUAGE_STANDARD = gnu99;
				GCC_DYNAMIC_NO_PIC = NO;
				GCC_NO_COMMON_BLOCKS = YES;
				GCC_OPTIMIZATION_LEVEL = 0;
				GCC_PREPROCESSOR_DEFINITIONS = (
					"DEBUG=1",
					"$(inherited)",
				);
				GCC_WARN_64_TO_32_BIT_CONVERSION = YES;
				GCC_WARN_ABOUT_RETURN_TYPE = YES_ERROR;
				GCC_WARN_UNDECLARED_SELECTOR = YES;
				GCC_WARN_UNINITIALIZED_AUTOS = YES_AGGRESSIVE;
				GCC_WARN_UNUSED_FUNCTION = YES;
				GCC_WARN_UNUSED_VARIABLE = YES;
				IPHONEOS_DEPLOYMENT_TARGET = 10.0;
				MTL_ENABLE_DEBUG_INFO = YES;
				ONLY_ACTIVE_ARCH = YES;
				SDKROOT = iphoneos;
				SWIFT_ACTIVE_COMPILATION_CONDITIONS = DEBUG;
				SWIFT_OPTIMIZATION_LEVEL = "-Onone";
			};
			name = Debug;
		};
		31B3B9681DBDDA7D009082B6 /* Release */ = {
			isa = XCBuildConfiguration;
			buildSettings = {
				ALWAYS_SEARCH_USER_PATHS = NO;
				CLANG_ANALYZER_NONNULL = YES;
				CLANG_CXX_LANGUAGE_STANDARD = "gnu++0x";
				CLANG_CXX_LIBRARY = "libc++";
				CLANG_ENABLE_MODULES = YES;
				CLANG_ENABLE_OBJC_ARC = YES;
				CLANG_WARN_BOOL_CONVERSION = YES;
				CLANG_WARN_CONSTANT_CONVERSION = YES;
				CLANG_WARN_DIRECT_OBJC_ISA_USAGE = YES_ERROR;
				CLANG_WARN_DOCUMENTATION_COMMENTS = YES;
				CLANG_WARN_EMPTY_BODY = YES;
				CLANG_WARN_ENUM_CONVERSION = YES;
				CLANG_WARN_INFINITE_RECURSION = YES;
				CLANG_WARN_INT_CONVERSION = YES;
				CLANG_WARN_OBJC_ROOT_CLASS = YES_ERROR;
				CLANG_WARN_SUSPICIOUS_MOVE = YES;
				CLANG_WARN_SUSPICIOUS_MOVES = YES;
				CLANG_WARN_UNREACHABLE_CODE = YES;
				CLANG_WARN__DUPLICATE_METHOD_MATCH = YES;
				"CODE_SIGN_IDENTITY[sdk=iphoneos*]" = "iPhone Developer";
				COPY_PHASE_STRIP = NO;
				DEBUG_INFORMATION_FORMAT = "dwarf-with-dsym";
				ENABLE_NS_ASSERTIONS = NO;
				ENABLE_STRICT_OBJC_MSGSEND = YES;
				GCC_C_LANGUAGE_STANDARD = gnu99;
				GCC_NO_COMMON_BLOCKS = YES;
				GCC_WARN_64_TO_32_BIT_CONVERSION = YES;
				GCC_WARN_ABOUT_RETURN_TYPE = YES_ERROR;
				GCC_WARN_UNDECLARED_SELECTOR = YES;
				GCC_WARN_UNINITIALIZED_AUTOS = YES_AGGRESSIVE;
				GCC_WARN_UNUSED_FUNCTION = YES;
				GCC_WARN_UNUSED_VARIABLE = YES;
				IPHONEOS_DEPLOYMENT_TARGET = 10.0;
				MTL_ENABLE_DEBUG_INFO = NO;
				SDKROOT = iphoneos;
				SWIFT_OPTIMIZATION_LEVEL = "-Owholemodule";
				VALIDATE_PRODUCT = YES;
			};
			name = Release;
		};
		31B3B96A1DBDDA7D009082B6 /* Debug */ = {
			isa = XCBuildConfiguration;
			baseConfigurationReference = B2D41E7C07394011AA82812D /* Pods-QuizEnglishWords.debug.xcconfig */;
			buildSettings = {
				ALWAYS_EMBED_SWIFT_STANDARD_LIBRARIES = YES;
				ASSETCATALOG_COMPILER_APPICON_NAME = AppIcon;
				INFOPLIST_FILE = QuizEnglishWords/Info.plist;
				LD_RUNPATH_SEARCH_PATHS = "$(inherited) @executable_path/Frameworks";
				PRODUCT_BUNDLE_IDENTIFIER = com.quiz.apps.QuizEnglishWords;
				PRODUCT_NAME = "$(TARGET_NAME)";
				SWIFT_OBJC_BRIDGING_HEADER = "QuizEnglishWords/QuizEnglishWords-Bridging-Header.h";
				SWIFT_VERSION = 3.0;
			};
			name = Debug;
		};
		31B3B96B1DBDDA7D009082B6 /* Release */ = {
			isa = XCBuildConfiguration;
			baseConfigurationReference = 4099B7A04081D1004EB14E58 /* Pods-QuizEnglishWords.release.xcconfig */;
			buildSettings = {
				ALWAYS_EMBED_SWIFT_STANDARD_LIBRARIES = YES;
				ASSETCATALOG_COMPILER_APPICON_NAME = AppIcon;
				INFOPLIST_FILE = QuizEnglishWords/Info.plist;
				LD_RUNPATH_SEARCH_PATHS = "$(inherited) @executable_path/Frameworks";
				PRODUCT_BUNDLE_IDENTIFIER = com.quiz.apps.QuizEnglishWords;
				PRODUCT_NAME = "$(TARGET_NAME)";
				SWIFT_OBJC_BRIDGING_HEADER = "QuizEnglishWords/QuizEnglishWords-Bridging-Header.h";
				SWIFT_VERSION = 3.0;
			};
			name = Release;
		};
/* End XCBuildConfiguration section */

/* Begin XCConfigurationList section */
		31B3B9521DBDDA7D009082B6 /* Build configuration list for PBXProject "QuizEnglishWords" */ = {
			isa = XCConfigurationList;
			buildConfigurations = (
				31B3B9671DBDDA7D009082B6 /* Debug */,
				31B3B9681DBDDA7D009082B6 /* Release */,
			);
			defaultConfigurationIsVisible = 0;
			defaultConfigurationName = Release;
		};
		31B3B9691DBDDA7D009082B6 /* Build configuration list for PBXNativeTarget "QuizEnglishWords" */ = {
			isa = XCConfigurationList;
			buildConfigurations = (
				31B3B96A1DBDDA7D009082B6 /* Debug */,
				31B3B96B1DBDDA7D009082B6 /* Release */,
			);
			defaultConfigurationIsVisible = 0;
			defaultConfigurationName = Release;
		};
/* End XCConfigurationList section */
	};
	rootObject = 31B3B94F1DBDDA7D009082B6 /* Project object */;
}
